
Microsoft Visual Studio Solution File, Format Version 12.00
# Visual Studio Version 17
VisualStudioVersion = 17.6.33829.357
MinimumVisualStudioVersion = 10.0.40219.1
Project("{FAE04EC0-301F-11D3-BF4B-00C04F79EFBC}") = "ManaForest", "ManaForest\ManaForest.csproj", "{64F17DA2-B8AA-4112-9AE3-39A719B13FB8}"
EndProject
Global
	GlobalSection(SolutionConfigurationPlatforms) = preSolution
		Debug|Any CPU = Debug|Any CPU
		Release|Any CPU = Release|Any CPU
	EndGlobalSection
	GlobalSection(ProjectConfigurationPlatforms) = postSolution
		{64F17DA2-B8AA-4112-9AE3-39A719B13FB8}.Debug|Any CPU.ActiveCfg = Debug|Any CPU
		{64F17DA2-B8AA-4112-9AE3-39A719B13FB8}.Debug|Any CPU.Build.0 = Debug|Any CPU
		{64F17DA2-B8AA-4112-9AE3-39A719B13FB8}.Release|Any CPU.ActiveCfg = Release|Any CPU
		{64F17DA2-B8AA-4112-9AE3-39A719B13FB8}.Release|Any CPU.Build.0 = Release|Any CPU
	EndGlobalSection
	GlobalSection(SolutionProperties) = preSolution
		HideSolutionNode = FALSE
	EndGlobalSection
	GlobalSection(ExtensibilityGlobals) = postSolution
		SolutionGuid = {A2C9D8EB-D755-4471-B845-DB6252775E1F}
	EndGlobalSection
EndGlobal
